
Microsoft Visual Studio Solution File, Format Version 12.00
# Visual Studio Version 17
VisualStudioVersion = 17.9.34902.65
MinimumVisualStudioVersion = 10.0.40219.1
Project("{FAE04EC0-301F-11D3-BF4B-00C04F79EFBC}") = "PuPuSharp", "PuPuSharp.csproj", "{3D39F5BE-FFFE-44FD-8A17-9CE8BC0E0C22}"
EndProject
Global
	GlobalSection(SolutionConfigurationPlatforms) = preSolution
		Debug|Any CPU = Debug|Any CPU
		Release|Any CPU = Release|Any CPU
	EndGlobalSection
	GlobalSection(ProjectConfigurationPlatforms) = postSolution
		{3D39F5BE-FFFE-44FD-8A17-9CE8BC0E0C22}.Debug|Any CPU.ActiveCfg = Debug|Any CPU
		{3D39F5BE-FFFE-44FD-8A17-9CE8BC0E0C22}.Debug|Any CPU.Build.0 = Debug|Any CPU
		{3D39F5BE-FFFE-44FD-8A17-9CE8BC0E0C22}.Release|Any CPU.ActiveCfg = Release|Any CPU
		{3D39F5BE-FFFE-44FD-8A17-9CE8BC0E0C22}.Release|Any CPU.Build.0 = Release|Any CPU
	EndGlobalSection
	GlobalSection(SolutionProperties) = preSolution
		HideSolutionNode = FALSE
	EndGlobalSection
	GlobalSection(ExtensibilityGlobals) = postSolution
		SolutionGuid = {508B8B79-DA1C-4F41-BE1A-2EEFFEFAFA72}
	EndGlobalSection
EndGlobal
